
Microsoft Visual Studio Solution File, Format Version 12.00
# Visual Studio Version 16
VisualStudioVersion = 16.0.30114.105
MinimumVisualStudioVersion = 10.0.40219.1
Project("{9A19103F-16F7-4668-BE54-9A1E7A4F7556}") = "SeiyuuMoe.API", "SeiyuuMoe.API\SeiyuuMoe.API.csproj", "{063A78DC-5608-4795-A2CF-5C095D065744}"
EndProject
Project("{2150E333-8FDC-42A3-9474-1A3956D46DE8}") = "SeiyuuMoe.Jobs", "SeiyuuMoe.Jobs", "{261D75A0-A7B7-4989-B862-AE3DB9D9C8F0}"
EndProject
Project("{2150E333-8FDC-42A3-9474-1A3956D46DE8}") = "Tests", "Tests", "{C9C9C35A-86E9-48F0-8BE7-594D3772E91A}"
EndProject
Project("{9A19103F-16F7-4668-BE54-9A1E7A4F7556}") = "SeiyuuMoe.Tests.Application", "SeiyuuMoe.Tests.Unit\SeiyuuMoe.Tests.Application.csproj", "{CE52CF10-3F7C-424D-98B1-EBC69ECF7F4F}"
EndProject
Project("{9A19103F-16F7-4668-BE54-9A1E7A4F7556}") = "SeiyuuMoe.Domain", "SeiyuuMoe.Domain\SeiyuuMoe.Domain.csproj", "{50BF0998-61A5-4EDB-9B09-D17381CE7902}"
EndProject
Project("{9A19103F-16F7-4668-BE54-9A1E7A4F7556}") = "SeiyuuMoe.Application", "SeiyuuMoe.Application\SeiyuuMoe.Application.csproj", "{AD6BE02F-7BBC-4189-B2D6-DC13B5F45A94}"
EndProject
Project("{9A19103F-16F7-4668-BE54-9A1E7A4F7556}") = "SeiyuuMoe.Infrastructure", "SeiyuuMoe.Infrastructure\SeiyuuMoe.Infrastructure.csproj", "{AE992BC2-5D76-4F9D-870C-10570B15BDAF}"
EndProject
Project("{9A19103F-16F7-4668-BE54-9A1E7A4F7556}") = "SeiyuuMoe.Tests.Component", "SeiyuuMoe.Tests.Component\SeiyuuMoe.Tests.Component.csproj", "{DE743EA5-F81B-4DBE-808C-AA91936BF6BE}"
EndProject
Project("{9A19103F-16F7-4668-BE54-9A1E7A4F7556}") = "SeiyuuMoe.Tests.Common", "SeiyuuMoe.Tests.Common\SeiyuuMoe.Tests.Common.csproj", "{26E7DB51-2BE0-46C9-B9DE-53A9CE587E9D}"
EndProject
Project("{2150E333-8FDC-42A3-9474-1A3956D46DE8}") = "Deploy", "Deploy", "{9D9A366B-EB7E-4FF3-8358-D1E9A04A89C2}"
	ProjectSection(SolutionItems) = preProject
		Deploy\common.psm1 = Deploy\common.psm1
		Deploy\deploy-mal-bg-jobs.ps1 = Deploy\deploy-mal-bg-jobs.ps1
		Deploy\deploy-security.ps1 = Deploy\deploy-security.ps1
		deploy.ps1 = deploy.ps1
	EndProjectSection
EndProject
Project("{9A19103F-16F7-4668-BE54-9A1E7A4F7556}") = "SeiyuuMoe.MalBackgroundJobs.Lambda", "SeiyuuMoe.MalBackgroundJobs.Lambda\SeiyuuMoe.MalBackgroundJobs.Lambda.csproj", "{E38B5666-CAB7-4451-96D6-3D961F8A6AAD}"
EndProject
Project("{9A19103F-16F7-4668-BE54-9A1E7A4F7556}") = "SeiyuuMoe.MalBackgroundJobs.Application", "SeiyuuMoe.MalBackgroundJobs.Application\SeiyuuMoe.MalBackgroundJobs.Application.csproj", "{A5153B9A-A323-46E8-BC34-283B11983353}"
EndProject
Project("{9A19103F-16F7-4668-BE54-9A1E7A4F7556}") = "SeiyuuMoe.MalBackgroundJobs.LocalLambdaRunner", "SeiyuuMoe.MalBackgroundJobs.LocalLambdaRunner\SeiyuuMoe.MalBackgroundJobs.LocalLambdaRunner.csproj", "{64CFBAC5-619B-43E7-B082-EEFCD06F8D61}"
EndProject
Project("{9A19103F-16F7-4668-BE54-9A1E7A4F7556}") = "SeiyuuMoe.Infrastructure.Database", "SeiyuuMoe.Infrastructure.Database\SeiyuuMoe.Infrastructure.Database.csproj", "{2A545C11-831D-4129-8D5E-FD1E774287F2}"
EndProject
Project("{9A19103F-16F7-4668-BE54-9A1E7A4F7556}") = "SeiyuuMoe.Tests.Domain", "Tests\SeiyuuMoe.Tests.Domain\SeiyuuMoe.Tests.Domain.csproj", "{26BF2F5E-2DF6-4FE0-8F1C-319CC23D7E5B}"
EndProject
Project("{9A19103F-16F7-4668-BE54-9A1E7A4F7556}") = "SeiyuuMoe.Tests.Infrastructure.Database", "Tests\SeiyuuMoe.Tests.Infrastructure.Database\SeiyuuMoe.Tests.Infrastructure.Database.csproj", "{89CBE9C9-3C87-4991-8C6A-6149887FB38A}"
EndProject
Project("{FAE04EC0-301F-11D3-BF4B-00C04F79EFBC}") = "SeiyuuMoe.Tests.E2E", "SeiyuuMoe.Tests.E2E\SeiyuuMoe.Tests.E2E.csproj", "{CF0CCAE2-BF09-44FE-B989-B3313AC77921}"
EndProject
Project("{FAE04EC0-301F-11D3-BF4B-00C04F79EFBC}") = "SeiyuuMoe.Tests.Integration", "Tests\SeiyuuMoe.Tests.Integration\SeiyuuMoe.Tests.Integration.csproj", "{C65437C6-3577-4740-9441-0DFD880DE64A}"
EndProject
Global
	GlobalSection(SolutionConfigurationPlatforms) = preSolution
		Debug|Any CPU = Debug|Any CPU
		Release|Any CPU = Release|Any CPU
	EndGlobalSection
	GlobalSection(ProjectConfigurationPlatforms) = postSolution
		{063A78DC-5608-4795-A2CF-5C095D065744}.Debug|Any CPU.ActiveCfg = Debug|Any CPU
		{063A78DC-5608-4795-A2CF-5C095D065744}.Debug|Any CPU.Build.0 = Debug|Any CPU
		{063A78DC-5608-4795-A2CF-5C095D065744}.Release|Any CPU.ActiveCfg = Release|Any CPU
		{063A78DC-5608-4795-A2CF-5C095D065744}.Release|Any CPU.Build.0 = Release|Any CPU
		{CE52CF10-3F7C-424D-98B1-EBC69ECF7F4F}.Debug|Any CPU.ActiveCfg = Debug|Any CPU
		{CE52CF10-3F7C-424D-98B1-EBC69ECF7F4F}.Debug|Any CPU.Build.0 = Debug|Any CPU
		{CE52CF10-3F7C-424D-98B1-EBC69ECF7F4F}.Release|Any CPU.ActiveCfg = Release|Any CPU
		{CE52CF10-3F7C-424D-98B1-EBC69ECF7F4F}.Release|Any CPU.Build.0 = Release|Any CPU
		{50BF0998-61A5-4EDB-9B09-D17381CE7902}.Debug|Any CPU.ActiveCfg = Debug|Any CPU
		{50BF0998-61A5-4EDB-9B09-D17381CE7902}.Debug|Any CPU.Build.0 = Debug|Any CPU
		{50BF0998-61A5-4EDB-9B09-D17381CE7902}.Release|Any CPU.ActiveCfg = Release|Any CPU
		{50BF0998-61A5-4EDB-9B09-D17381CE7902}.Release|Any CPU.Build.0 = Release|Any CPU
		{AD6BE02F-7BBC-4189-B2D6-DC13B5F45A94}.Debug|Any CPU.ActiveCfg = Debug|Any CPU
		{AD6BE02F-7BBC-4189-B2D6-DC13B5F45A94}.Debug|Any CPU.Build.0 = Debug|Any CPU
		{AD6BE02F-7BBC-4189-B2D6-DC13B5F45A94}.Release|Any CPU.ActiveCfg = Release|Any CPU
		{AD6BE02F-7BBC-4189-B2D6-DC13B5F45A94}.Release|Any CPU.Build.0 = Release|Any CPU
		{AE992BC2-5D76-4F9D-870C-10570B15BDAF}.Debug|Any CPU.ActiveCfg = Debug|Any CPU
		{AE992BC2-5D76-4F9D-870C-10570B15BDAF}.Debug|Any CPU.Build.0 = Debug|Any CPU
		{AE992BC2-5D76-4F9D-870C-10570B15BDAF}.Release|Any CPU.ActiveCfg = Release|Any CPU
		{AE992BC2-5D76-4F9D-870C-10570B15BDAF}.Release|Any CPU.Build.0 = Release|Any CPU
		{DE743EA5-F81B-4DBE-808C-AA91936BF6BE}.Debug|Any CPU.ActiveCfg = Debug|Any CPU
		{DE743EA5-F81B-4DBE-808C-AA91936BF6BE}.Debug|Any CPU.Build.0 = Debug|Any CPU
		{DE743EA5-F81B-4DBE-808C-AA91936BF6BE}.Release|Any CPU.ActiveCfg = Release|Any CPU
		{DE743EA5-F81B-4DBE-808C-AA91936BF6BE}.Release|Any CPU.Build.0 = Release|Any CPU
		{26E7DB51-2BE0-46C9-B9DE-53A9CE587E9D}.Debug|Any CPU.ActiveCfg = Debug|Any CPU
		{26E7DB51-2BE0-46C9-B9DE-53A9CE587E9D}.Debug|Any CPU.Build.0 = Debug|Any CPU
		{26E7DB51-2BE0-46C9-B9DE-53A9CE587E9D}.Release|Any CPU.ActiveCfg = Release|Any CPU
		{26E7DB51-2BE0-46C9-B9DE-53A9CE587E9D}.Release|Any CPU.Build.0 = Release|Any CPU
		{E38B5666-CAB7-4451-96D6-3D961F8A6AAD}.Debug|Any CPU.ActiveCfg = Debug|Any CPU
		{E38B5666-CAB7-4451-96D6-3D961F8A6AAD}.Debug|Any CPU.Build.0 = Debug|Any CPU
		{E38B5666-CAB7-4451-96D6-3D961F8A6AAD}.Release|Any CPU.ActiveCfg = Release|Any CPU
		{E38B5666-CAB7-4451-96D6-3D961F8A6AAD}.Release|Any CPU.Build.0 = Release|Any CPU
		{A5153B9A-A323-46E8-BC34-283B11983353}.Debug|Any CPU.ActiveCfg = Debug|Any CPU
		{A5153B9A-A323-46E8-BC34-283B11983353}.Debug|Any CPU.Build.0 = Debug|Any CPU
		{A5153B9A-A323-46E8-BC34-283B11983353}.Release|Any CPU.ActiveCfg = Release|Any CPU
		{A5153B9A-A323-46E8-BC34-283B11983353}.Release|Any CPU.Build.0 = Release|Any CPU
		{64CFBAC5-619B-43E7-B082-EEFCD06F8D61}.Debug|Any CPU.ActiveCfg = Debug|Any CPU
		{64CFBAC5-619B-43E7-B082-EEFCD06F8D61}.Debug|Any CPU.Build.0 = Debug|Any CPU
		{64CFBAC5-619B-43E7-B082-EEFCD06F8D61}.Release|Any CPU.ActiveCfg = Release|Any CPU
		{64CFBAC5-619B-43E7-B082-EEFCD06F8D61}.Release|Any CPU.Build.0 = Release|Any CPU
		{2A545C11-831D-4129-8D5E-FD1E774287F2}.Debug|Any CPU.ActiveCfg = Debug|Any CPU
		{2A545C11-831D-4129-8D5E-FD1E774287F2}.Debug|Any CPU.Build.0 = Debug|Any CPU
		{2A545C11-831D-4129-8D5E-FD1E774287F2}.Release|Any CPU.ActiveCfg = Release|Any CPU
		{2A545C11-831D-4129-8D5E-FD1E774287F2}.Release|Any CPU.Build.0 = Release|Any CPU
		{26BF2F5E-2DF6-4FE0-8F1C-319CC23D7E5B}.Debug|Any CPU.ActiveCfg = Debug|Any CPU
		{26BF2F5E-2DF6-4FE0-8F1C-319CC23D7E5B}.Debug|Any CPU.Build.0 = Debug|Any CPU
		{26BF2F5E-2DF6-4FE0-8F1C-319CC23D7E5B}.Release|Any CPU.ActiveCfg = Release|Any CPU
		{26BF2F5E-2DF6-4FE0-8F1C-319CC23D7E5B}.Release|Any CPU.Build.0 = Release|Any CPU
		{89CBE9C9-3C87-4991-8C6A-6149887FB38A}.Debug|Any CPU.ActiveCfg = Debug|Any CPU
		{89CBE9C9-3C87-4991-8C6A-6149887FB38A}.Debug|Any CPU.Build.0 = Debug|Any CPU
		{89CBE9C9-3C87-4991-8C6A-6149887FB38A}.Release|Any CPU.ActiveCfg = Release|Any CPU
		{89CBE9C9-3C87-4991-8C6A-6149887FB38A}.Release|Any CPU.Build.0 = Release|Any CPU
		{CF0CCAE2-BF09-44FE-B989-B3313AC77921}.Debug|Any CPU.ActiveCfg = Debug|Any CPU
		{CF0CCAE2-BF09-44FE-B989-B3313AC77921}.Debug|Any CPU.Build.0 = Debug|Any CPU
		{CF0CCAE2-BF09-44FE-B989-B3313AC77921}.Release|Any CPU.ActiveCfg = Release|Any CPU
		{CF0CCAE2-BF09-44FE-B989-B3313AC77921}.Release|Any CPU.Build.0 = Release|Any CPU
		{C65437C6-3577-4740-9441-0DFD880DE64A}.Debug|Any CPU.ActiveCfg = Debug|Any CPU
		{C65437C6-3577-4740-9441-0DFD880DE64A}.Debug|Any CPU.Build.0 = Debug|Any CPU
		{C65437C6-3577-4740-9441-0DFD880DE64A}.Release|Any CPU.ActiveCfg = Release|Any CPU
		{C65437C6-3577-4740-9441-0DFD880DE64A}.Release|Any CPU.Build.0 = Release|Any CPU
	EndGlobalSection
	GlobalSection(SolutionProperties) = preSolution
		HideSolutionNode = FALSE
	EndGlobalSection
	GlobalSection(NestedProjects) = preSolution
		{CE52CF10-3F7C-424D-98B1-EBC69ECF7F4F} = {C9C9C35A-86E9-48F0-8BE7-594D3772E91A}
		{DE743EA5-F81B-4DBE-808C-AA91936BF6BE} = {C9C9C35A-86E9-48F0-8BE7-594D3772E91A}
		{26E7DB51-2BE0-46C9-B9DE-53A9CE587E9D} = {C9C9C35A-86E9-48F0-8BE7-594D3772E91A}
		{E38B5666-CAB7-4451-96D6-3D961F8A6AAD} = {261D75A0-A7B7-4989-B862-AE3DB9D9C8F0}
		{A5153B9A-A323-46E8-BC34-283B11983353} = {261D75A0-A7B7-4989-B862-AE3DB9D9C8F0}
		{64CFBAC5-619B-43E7-B082-EEFCD06F8D61} = {261D75A0-A7B7-4989-B862-AE3DB9D9C8F0}
		{26BF2F5E-2DF6-4FE0-8F1C-319CC23D7E5B} = {C9C9C35A-86E9-48F0-8BE7-594D3772E91A}
		{89CBE9C9-3C87-4991-8C6A-6149887FB38A} = {C9C9C35A-86E9-48F0-8BE7-594D3772E91A}
		{CF0CCAE2-BF09-44FE-B989-B3313AC77921} = {C9C9C35A-86E9-48F0-8BE7-594D3772E91A}
		{C65437C6-3577-4740-9441-0DFD880DE64A} = {C9C9C35A-86E9-48F0-8BE7-594D3772E91A}
	EndGlobalSection
	GlobalSection(ExtensibilityGlobals) = postSolution
		SolutionGuid = {0D18D8DE-F5C0-4254-B3F2-3B6F16384392}
	EndGlobalSection
EndGlobal
