
Microsoft Visual Studio Solution File, Format Version 12.00
# Visual Studio 15
VisualStudioVersion = 15.0.27428.2037
MinimumVisualStudioVersion = 10.0.40219.1
Project("{9A19103F-16F7-4668-BE54-9A1E7A4F7556}") = "SeiyuuMoe.API", "SeiyuuMoe.API\SeiyuuMoe.API.csproj", "{063A78DC-5608-4795-A2CF-5C095D065744}"
	ProjectSection(ProjectDependencies) = postProject
		{1360E317-D336-4D52-8E4A-13938E3BF083} = {1360E317-D336-4D52-8E4A-13938E3BF083}
		{C701F7CB-E174-4ED6-87CF-E1F9F4950FFC} = {C701F7CB-E174-4ED6-87CF-E1F9F4950FFC}
	EndProjectSection
EndProject
Project("{9A19103F-16F7-4668-BE54-9A1E7A4F7556}") = "SeiyuuMoe.Data", "SeiyuuMoe.Data\SeiyuuMoe.Data.csproj", "{1360E317-D336-4D52-8E4A-13938E3BF083}"
EndProject
Project("{2150E333-8FDC-42A3-9474-1A3956D46DE8}") = "SeiyuuMoe.Application", "SeiyuuMoe.Application", "{5170E228-3170-4EA4-8381-A29A06107731}"
EndProject
Project("{2150E333-8FDC-42A3-9474-1A3956D46DE8}") = "SeiyuuMoe.Utils", "SeiyuuMoe.Utils", "{261D75A0-A7B7-4989-B862-AE3DB9D9C8F0}"
EndProject
Project("{9A19103F-16F7-4668-BE54-9A1E7A4F7556}") = "SeiyuuMoe.JikanToDBParser", "SeiyuuMoe.JikanToDBParser\SeiyuuMoe.JikanToDBParser.csproj", "{4512DA0F-47E1-4C91-B718-A5B6BBEDE542}"
EndProject
Project("{9A19103F-16F7-4668-BE54-9A1E7A4F7556}") = "SeiyuuMoe.Repositories", "SeiyuuMoe.Repositories\SeiyuuMoe.Repositories.csproj", "{D3848823-A8A4-4DC8-B998-810FAAF80376}"
EndProject
Project("{9A19103F-16F7-4668-BE54-9A1E7A4F7556}") = "SeiyuuMoe.Contracts", "SeiyuuMoe.Contracts\SeiyuuMoe.Contracts.csproj", "{1ACEE36A-90B4-4F44-9338-CF8771A9B9C8}"
EndProject
Project("{9A19103F-16F7-4668-BE54-9A1E7A4F7556}") = "SeiyuuMoe.WebEssentials", "SeiyuuMoe.WebEssentials\SeiyuuMoe.WebEssentials.csproj", "{736CD3A8-4299-4C05-B326-57D93C2D30C5}"
EndProject
Project("{9A19103F-16F7-4668-BE54-9A1E7A4F7556}") = "SeiyuuMoe.BusinessServices", "SeiyuuMoe.BusinessServices\SeiyuuMoe.BusinessServices.csproj", "{C701F7CB-E174-4ED6-87CF-E1F9F4950FFC}"
EndProject
Project("{FAE04EC0-301F-11D3-BF4B-00C04F79EFBC}") = "SeiyuuMoe.Services", "SeiyuuMoe.Services\SeiyuuMoe.Services.csproj", "{5872B9AF-4714-4FFF-801E-E5844681FF5E}"
EndProject
Global
	GlobalSection(SolutionConfigurationPlatforms) = preSolution
		Debug|Any CPU = Debug|Any CPU
		Release|Any CPU = Release|Any CPU
	EndGlobalSection
	GlobalSection(ProjectConfigurationPlatforms) = postSolution
		{063A78DC-5608-4795-A2CF-5C095D065744}.Debug|Any CPU.ActiveCfg = Debug|Any CPU
		{063A78DC-5608-4795-A2CF-5C095D065744}.Debug|Any CPU.Build.0 = Debug|Any CPU
		{063A78DC-5608-4795-A2CF-5C095D065744}.Release|Any CPU.ActiveCfg = Release|Any CPU
		{063A78DC-5608-4795-A2CF-5C095D065744}.Release|Any CPU.Build.0 = Release|Any CPU
		{1360E317-D336-4D52-8E4A-13938E3BF083}.Debug|Any CPU.ActiveCfg = Debug|Any CPU
		{1360E317-D336-4D52-8E4A-13938E3BF083}.Debug|Any CPU.Build.0 = Debug|Any CPU
		{1360E317-D336-4D52-8E4A-13938E3BF083}.Release|Any CPU.ActiveCfg = Release|Any CPU
		{1360E317-D336-4D52-8E4A-13938E3BF083}.Release|Any CPU.Build.0 = Release|Any CPU
		{4512DA0F-47E1-4C91-B718-A5B6BBEDE542}.Debug|Any CPU.ActiveCfg = Debug|Any CPU
		{4512DA0F-47E1-4C91-B718-A5B6BBEDE542}.Debug|Any CPU.Build.0 = Debug|Any CPU
		{4512DA0F-47E1-4C91-B718-A5B6BBEDE542}.Release|Any CPU.ActiveCfg = Release|Any CPU
		{4512DA0F-47E1-4C91-B718-A5B6BBEDE542}.Release|Any CPU.Build.0 = Release|Any CPU
		{D3848823-A8A4-4DC8-B998-810FAAF80376}.Debug|Any CPU.ActiveCfg = Debug|Any CPU
		{D3848823-A8A4-4DC8-B998-810FAAF80376}.Debug|Any CPU.Build.0 = Debug|Any CPU
		{D3848823-A8A4-4DC8-B998-810FAAF80376}.Release|Any CPU.ActiveCfg = Release|Any CPU
		{D3848823-A8A4-4DC8-B998-810FAAF80376}.Release|Any CPU.Build.0 = Release|Any CPU
		{1ACEE36A-90B4-4F44-9338-CF8771A9B9C8}.Debug|Any CPU.ActiveCfg = Debug|Any CPU
		{1ACEE36A-90B4-4F44-9338-CF8771A9B9C8}.Debug|Any CPU.Build.0 = Debug|Any CPU
		{1ACEE36A-90B4-4F44-9338-CF8771A9B9C8}.Release|Any CPU.ActiveCfg = Release|Any CPU
		{1ACEE36A-90B4-4F44-9338-CF8771A9B9C8}.Release|Any CPU.Build.0 = Release|Any CPU
		{736CD3A8-4299-4C05-B326-57D93C2D30C5}.Debug|Any CPU.ActiveCfg = Debug|Any CPU
		{736CD3A8-4299-4C05-B326-57D93C2D30C5}.Debug|Any CPU.Build.0 = Debug|Any CPU
		{736CD3A8-4299-4C05-B326-57D93C2D30C5}.Release|Any CPU.ActiveCfg = Release|Any CPU
		{736CD3A8-4299-4C05-B326-57D93C2D30C5}.Release|Any CPU.Build.0 = Release|Any CPU
		{C701F7CB-E174-4ED6-87CF-E1F9F4950FFC}.Debug|Any CPU.ActiveCfg = Debug|Any CPU
		{C701F7CB-E174-4ED6-87CF-E1F9F4950FFC}.Debug|Any CPU.Build.0 = Debug|Any CPU
		{C701F7CB-E174-4ED6-87CF-E1F9F4950FFC}.Release|Any CPU.ActiveCfg = Release|Any CPU
		{C701F7CB-E174-4ED6-87CF-E1F9F4950FFC}.Release|Any CPU.Build.0 = Release|Any CPU
		{5872B9AF-4714-4FFF-801E-E5844681FF5E}.Debug|Any CPU.ActiveCfg = Debug|Any CPU
		{5872B9AF-4714-4FFF-801E-E5844681FF5E}.Debug|Any CPU.Build.0 = Debug|Any CPU
		{5872B9AF-4714-4FFF-801E-E5844681FF5E}.Release|Any CPU.ActiveCfg = Release|Any CPU
		{5872B9AF-4714-4FFF-801E-E5844681FF5E}.Release|Any CPU.Build.0 = Release|Any CPU
	EndGlobalSection
	GlobalSection(SolutionProperties) = preSolution
		HideSolutionNode = FALSE
	EndGlobalSection
	GlobalSection(NestedProjects) = preSolution
		{1360E317-D336-4D52-8E4A-13938E3BF083} = {5170E228-3170-4EA4-8381-A29A06107731}
		{4512DA0F-47E1-4C91-B718-A5B6BBEDE542} = {261D75A0-A7B7-4989-B862-AE3DB9D9C8F0}
		{D3848823-A8A4-4DC8-B998-810FAAF80376} = {5170E228-3170-4EA4-8381-A29A06107731}
		{1ACEE36A-90B4-4F44-9338-CF8771A9B9C8} = {5170E228-3170-4EA4-8381-A29A06107731}
		{736CD3A8-4299-4C05-B326-57D93C2D30C5} = {5170E228-3170-4EA4-8381-A29A06107731}
		{C701F7CB-E174-4ED6-87CF-E1F9F4950FFC} = {5170E228-3170-4EA4-8381-A29A06107731}
		{5872B9AF-4714-4FFF-801E-E5844681FF5E} = {5170E228-3170-4EA4-8381-A29A06107731}
	EndGlobalSection
	GlobalSection(ExtensibilityGlobals) = postSolution
		SolutionGuid = {0D18D8DE-F5C0-4254-B3F2-3B6F16384392}
	EndGlobalSection
EndGlobal
