
Microsoft Visual Studio Solution File, Format Version 12.00
# Visual Studio Version 16
VisualStudioVersion = 16.0.30114.105
MinimumVisualStudioVersion = 10.0.40219.1
Project("{9A19103F-16F7-4668-BE54-9A1E7A4F7556}") = "SeiyuuMoe.API", "SeiyuuMoe.API\SeiyuuMoe.API.csproj", "{063A78DC-5608-4795-A2CF-5C095D065744}"
EndProject
Project("{2150E333-8FDC-42A3-9474-1A3956D46DE8}") = "SeiyuuMoe.Jobs", "SeiyuuMoe.Jobs", "{261D75A0-A7B7-4989-B862-AE3DB9D9C8F0}"
EndProject
Project("{9A19103F-16F7-4668-BE54-9A1E7A4F7556}") = "SeiyuuMoe.JikanToDBParser", "SeiyuuMoe.JikanToDBParser\SeiyuuMoe.JikanToDBParser.csproj", "{4512DA0F-47E1-4C91-B718-A5B6BBEDE542}"
EndProject
Project("{9A19103F-16F7-4668-BE54-9A1E7A4F7556}") = "SeiyuuMoe.FileHandler", "SeiyuuMoe.FileHandler\SeiyuuMoe.FileHandler.csproj", "{3A514EEA-F468-499F-A295-8C3ED86DD913}"
EndProject
Project("{2150E333-8FDC-42A3-9474-1A3956D46DE8}") = "Tests", "Tests", "{C9C9C35A-86E9-48F0-8BE7-594D3772E91A}"
EndProject
Project("{9A19103F-16F7-4668-BE54-9A1E7A4F7556}") = "SeiyuuMoe.Tests.Unit", "SeiyuuMoe.Tests.Unit\SeiyuuMoe.Tests.Unit.csproj", "{CE52CF10-3F7C-424D-98B1-EBC69ECF7F4F}"
EndProject
Project("{9A19103F-16F7-4668-BE54-9A1E7A4F7556}") = "SeiyuuMoe.Domain", "SeiyuuMoe.Domain\SeiyuuMoe.Domain.csproj", "{50BF0998-61A5-4EDB-9B09-D17381CE7902}"
EndProject
Project("{9A19103F-16F7-4668-BE54-9A1E7A4F7556}") = "SeiyuuMoe.Application", "SeiyuuMoe.Application\SeiyuuMoe.Application.csproj", "{AD6BE02F-7BBC-4189-B2D6-DC13B5F45A94}"
EndProject
Project("{9A19103F-16F7-4668-BE54-9A1E7A4F7556}") = "SeiyuuMoe.Infrastructure", "SeiyuuMoe.Infrastructure\SeiyuuMoe.Infrastructure.csproj", "{AE992BC2-5D76-4F9D-870C-10570B15BDAF}"
EndProject
Global
	GlobalSection(SolutionConfigurationPlatforms) = preSolution
		Debug|Any CPU = Debug|Any CPU
		Release|Any CPU = Release|Any CPU
	EndGlobalSection
	GlobalSection(ProjectConfigurationPlatforms) = postSolution
		{063A78DC-5608-4795-A2CF-5C095D065744}.Debug|Any CPU.ActiveCfg = Debug|Any CPU
		{063A78DC-5608-4795-A2CF-5C095D065744}.Debug|Any CPU.Build.0 = Debug|Any CPU
		{063A78DC-5608-4795-A2CF-5C095D065744}.Release|Any CPU.ActiveCfg = Release|Any CPU
		{063A78DC-5608-4795-A2CF-5C095D065744}.Release|Any CPU.Build.0 = Release|Any CPU
		{4512DA0F-47E1-4C91-B718-A5B6BBEDE542}.Debug|Any CPU.ActiveCfg = Debug|Any CPU
		{4512DA0F-47E1-4C91-B718-A5B6BBEDE542}.Debug|Any CPU.Build.0 = Debug|Any CPU
		{4512DA0F-47E1-4C91-B718-A5B6BBEDE542}.Release|Any CPU.ActiveCfg = Release|Any CPU
		{4512DA0F-47E1-4C91-B718-A5B6BBEDE542}.Release|Any CPU.Build.0 = Release|Any CPU
		{3A514EEA-F468-499F-A295-8C3ED86DD913}.Debug|Any CPU.ActiveCfg = Debug|Any CPU
		{3A514EEA-F468-499F-A295-8C3ED86DD913}.Debug|Any CPU.Build.0 = Debug|Any CPU
		{3A514EEA-F468-499F-A295-8C3ED86DD913}.Release|Any CPU.ActiveCfg = Release|Any CPU
		{3A514EEA-F468-499F-A295-8C3ED86DD913}.Release|Any CPU.Build.0 = Release|Any CPU
		{CE52CF10-3F7C-424D-98B1-EBC69ECF7F4F}.Debug|Any CPU.ActiveCfg = Debug|Any CPU
		{CE52CF10-3F7C-424D-98B1-EBC69ECF7F4F}.Debug|Any CPU.Build.0 = Debug|Any CPU
		{CE52CF10-3F7C-424D-98B1-EBC69ECF7F4F}.Release|Any CPU.ActiveCfg = Release|Any CPU
		{CE52CF10-3F7C-424D-98B1-EBC69ECF7F4F}.Release|Any CPU.Build.0 = Release|Any CPU
		{50BF0998-61A5-4EDB-9B09-D17381CE7902}.Debug|Any CPU.ActiveCfg = Debug|Any CPU
		{50BF0998-61A5-4EDB-9B09-D17381CE7902}.Debug|Any CPU.Build.0 = Debug|Any CPU
		{50BF0998-61A5-4EDB-9B09-D17381CE7902}.Release|Any CPU.ActiveCfg = Release|Any CPU
		{50BF0998-61A5-4EDB-9B09-D17381CE7902}.Release|Any CPU.Build.0 = Release|Any CPU
		{AD6BE02F-7BBC-4189-B2D6-DC13B5F45A94}.Debug|Any CPU.ActiveCfg = Debug|Any CPU
		{AD6BE02F-7BBC-4189-B2D6-DC13B5F45A94}.Debug|Any CPU.Build.0 = Debug|Any CPU
		{AD6BE02F-7BBC-4189-B2D6-DC13B5F45A94}.Release|Any CPU.ActiveCfg = Release|Any CPU
		{AD6BE02F-7BBC-4189-B2D6-DC13B5F45A94}.Release|Any CPU.Build.0 = Release|Any CPU
		{AE992BC2-5D76-4F9D-870C-10570B15BDAF}.Debug|Any CPU.ActiveCfg = Debug|Any CPU
		{AE992BC2-5D76-4F9D-870C-10570B15BDAF}.Debug|Any CPU.Build.0 = Debug|Any CPU
		{AE992BC2-5D76-4F9D-870C-10570B15BDAF}.Release|Any CPU.ActiveCfg = Release|Any CPU
		{AE992BC2-5D76-4F9D-870C-10570B15BDAF}.Release|Any CPU.Build.0 = Release|Any CPU
	EndGlobalSection
	GlobalSection(SolutionProperties) = preSolution
		HideSolutionNode = FALSE
	EndGlobalSection
	GlobalSection(NestedProjects) = preSolution
		{4512DA0F-47E1-4C91-B718-A5B6BBEDE542} = {261D75A0-A7B7-4989-B862-AE3DB9D9C8F0}
		{3A514EEA-F468-499F-A295-8C3ED86DD913} = {261D75A0-A7B7-4989-B862-AE3DB9D9C8F0}
		{CE52CF10-3F7C-424D-98B1-EBC69ECF7F4F} = {C9C9C35A-86E9-48F0-8BE7-594D3772E91A}
	EndGlobalSection
	GlobalSection(ExtensibilityGlobals) = postSolution
		SolutionGuid = {0D18D8DE-F5C0-4254-B3F2-3B6F16384392}
	EndGlobalSection
EndGlobal
